// !$*UTF8*$!
{
	archiveVersion = 1;
	classes = {
	};
	objectVersion = 56;
	objects = {

/* Begin PBXBuildFile section */
		84E024482CE6F22300B2B2DE /* ImageTextHtmlTemplateApp.swift in Sources */ = {isa = PBXBuildFile; fileRef = 84E024472CE6F22300B2B2DE /* ImageTextHtmlTemplateApp.swift */; };
		84E0244A2CE6F22300B2B2DE /* ContentView.swift in Sources */ = {isa = PBXBuildFile; fileRef = 84E024492CE6F22300B2B2DE /* ContentView.swift */; };
		84E0244C2CE6F22400B2B2DE /* Assets.xcassets in Resources */ = {isa = PBXBuildFile; fileRef = 84E0244B2CE6F22400B2B2DE /* Assets.xcassets */; };
		84E024502CE6F22400B2B2DE /* Preview Assets.xcassets in Resources */ = {isa = PBXBuildFile; fileRef = 84E0244F2CE6F22400B2B2DE /* Preview Assets.xcassets */; };
		84E0245A2CE6F2B600B2B2DE /* HtmlLabelViewController.swift in Sources */ = {isa = PBXBuildFile; fileRef = 84E024582CE6F2B600B2B2DE /* HtmlLabelViewController.swift */; };
		84E0245B2CE6F2B600B2B2DE /* HtmlLabelViewController.xib in Resources */ = {isa = PBXBuildFile; fileRef = 84E024592CE6F2B600B2B2DE /* HtmlLabelViewController.xib */; };
		84E0245D2CE6F35300B2B2DE /* HtmlLabel.swift in Sources */ = {isa = PBXBuildFile; fileRef = 84E0245C2CE6F35300B2B2DE /* HtmlLabel.swift */; };
		DD9B63D15A43CF47DB8077EE /* libPods-ProblemSolution-ImageTextHtmlTemplate.a in Frameworks */ = {isa = PBXBuildFile; fileRef = EF5399BC1422435A63EBED8F /* libPods-ProblemSolution-ImageTextHtmlTemplate.a */; };
/* End PBXBuildFile section */

/* Begin PBXFileReference section */
		2A9C73CFEB1FA5B158F391F3 /* Pods-ProblemSolution-ImageTextHtmlTemplate.debug.xcconfig */ = {isa = PBXFileReference; includeInIndex = 1; lastKnownFileType = text.xcconfig; name = "Pods-ProblemSolution-ImageTextHtmlTemplate.debug.xcconfig"; path = "Target Support Files/Pods-ProblemSolution-ImageTextHtmlTemplate/Pods-ProblemSolution-ImageTextHtmlTemplate.debug.xcconfig"; sourceTree = "<group>"; };
		84E024442CE6F22300B2B2DE /* ImageTextHtmlTemplate.app */ = {isa = PBXFileReference; explicitFileType = wrapper.application; includeInIndex = 0; path = ImageTextHtmlTemplate.app; sourceTree = BUILT_PRODUCTS_DIR; };
		84E024472CE6F22300B2B2DE /* ImageTextHtmlTemplateApp.swift */ = {isa = PBXFileReference; lastKnownFileType = sourcecode.swift; path = ImageTextHtmlTemplateApp.swift; sourceTree = "<group>"; };
		84E024492CE6F22300B2B2DE /* ContentView.swift */ = {isa = PBXFileReference; lastKnownFileType = sourcecode.swift; path = ContentView.swift; sourceTree = "<group>"; };
		84E0244B2CE6F22400B2B2DE /* Assets.xcassets */ = {isa = PBXFileReference; lastKnownFileType = folder.assetcatalog; path = Assets.xcassets; sourceTree = "<group>"; };
		84E0244D2CE6F22400B2B2DE /* ImageTextHtmlTemplate.entitlements */ = {isa = PBXFileReference; lastKnownFileType = text.plist.entitlements; path = ImageTextHtmlTemplate.entitlements; sourceTree = "<group>"; };
		84E0244F2CE6F22400B2B2DE /* Preview Assets.xcassets */ = {isa = PBXFileReference; lastKnownFileType = folder.assetcatalog; path = "Preview Assets.xcassets"; sourceTree = "<group>"; };
		84E024582CE6F2B600B2B2DE /* HtmlLabelViewController.swift */ = {isa = PBXFileReference; lastKnownFileType = sourcecode.swift; path = HtmlLabelViewController.swift; sourceTree = "<group>"; };
		84E024592CE6F2B600B2B2DE /* HtmlLabelViewController.xib */ = {isa = PBXFileReference; lastKnownFileType = file.xib; path = HtmlLabelViewController.xib; sourceTree = "<group>"; };
		84E0245C2CE6F35300B2B2DE /* HtmlLabel.swift */ = {isa = PBXFileReference; lastKnownFileType = sourcecode.swift; path = HtmlLabel.swift; sourceTree = "<group>"; };
		863D02F6031302447CE3BB3B /* Pods-ProblemSolution-ImageTextHtmlTemplate.release.xcconfig */ = {isa = PBXFileReference; includeInIndex = 1; lastKnownFileType = text.xcconfig; name = "Pods-ProblemSolution-ImageTextHtmlTemplate.release.xcconfig"; path = "Target Support Files/Pods-ProblemSolution-ImageTextHtmlTemplate/Pods-ProblemSolution-ImageTextHtmlTemplate.release.xcconfig"; sourceTree = "<group>"; };
		EF5399BC1422435A63EBED8F /* libPods-ProblemSolution-ImageTextHtmlTemplate.a */ = {isa = PBXFileReference; explicitFileType = archive.ar; includeInIndex = 0; path = "libPods-ProblemSolution-ImageTextHtmlTemplate.a"; sourceTree = BUILT_PRODUCTS_DIR; };
/* End PBXFileReference section */

/* Begin PBXFrameworksBuildPhase section */
		84E024412CE6F22300B2B2DE /* Frameworks */ = {
			isa = PBXFrameworksBuildPhase;
			buildActionMask = 2147483647;
			files = (
				DD9B63D15A43CF47DB8077EE /* libPods-ProblemSolution-ImageTextHtmlTemplate.a in Frameworks */,
			);
			runOnlyForDeploymentPostprocessing = 0;
		};
/* End PBXFrameworksBuildPhase section */

/* Begin PBXGroup section */
		2B7DF855F37501588C7229EE /* Pods */ = {
			isa = PBXGroup;
			children = (
				2A9C73CFEB1FA5B158F391F3 /* Pods-ProblemSolution-ImageTextHtmlTemplate.debug.xcconfig */,
				863D02F6031302447CE3BB3B /* Pods-ProblemSolution-ImageTextHtmlTemplate.release.xcconfig */,
			);
			name = Pods;
			path = ../Pods;
			sourceTree = "<group>";
		};
		45D6B00213B3944E18117D87 /* Frameworks */ = {
			isa = PBXGroup;
			children = (
				EF5399BC1422435A63EBED8F /* libPods-ProblemSolution-ImageTextHtmlTemplate.a */,
			);
			name = Frameworks;
			sourceTree = "<group>";
		};
		84E0243B2CE6F22300B2B2DE = {
			isa = PBXGroup;
			children = (
				84E024572CE6F2A400B2B2DE /* Demo */,
				84E024562CE6F25B00B2B2DE /* SRC */,
				84E024462CE6F22300B2B2DE /* ImageTextHtmlTemplate */,
				84E024452CE6F22300B2B2DE /* Products */,
				2B7DF855F37501588C7229EE /* Pods */,
				45D6B00213B3944E18117D87 /* Frameworks */,
			);
			sourceTree = "<group>";
		};
		84E024452CE6F22300B2B2DE /* Products */ = {
			isa = PBXGroup;
			children = (
				84E024442CE6F22300B2B2DE /* ImageTextHtmlTemplate.app */,
			);
			name = Products;
			sourceTree = "<group>";
		};
		84E024462CE6F22300B2B2DE /* ImageTextHtmlTemplate */ = {
			isa = PBXGroup;
			children = (
				84E024472CE6F22300B2B2DE /* ImageTextHtmlTemplateApp.swift */,
				84E024492CE6F22300B2B2DE /* ContentView.swift */,
				84E0244B2CE6F22400B2B2DE /* Assets.xcassets */,
				84E0244D2CE6F22400B2B2DE /* ImageTextHtmlTemplate.entitlements */,
				84E0244E2CE6F22400B2B2DE /* Preview Content */,
			);
			path = ImageTextHtmlTemplate;
			sourceTree = "<group>";
		};
		84E0244E2CE6F22400B2B2DE /* Preview Content */ = {
			isa = PBXGroup;
			children = (
				84E0244F2CE6F22400B2B2DE /* Preview Assets.xcassets */,
			);
			path = "Preview Content";
			sourceTree = "<group>";
		};
		84E024562CE6F25B00B2B2DE /* SRC */ = {
			isa = PBXGroup;
			children = (
				84E0245C2CE6F35300B2B2DE /* HtmlLabel.swift */,
			);
			path = SRC;
			sourceTree = "<group>";
		};
		84E024572CE6F2A400B2B2DE /* Demo */ = {
			isa = PBXGroup;
			children = (
				84E024582CE6F2B600B2B2DE /* HtmlLabelViewController.swift */,
				84E024592CE6F2B600B2B2DE /* HtmlLabelViewController.xib */,
			);
			path = Demo;
			sourceTree = "<group>";
		};
/* End PBXGroup section */

/* Begin PBXNativeTarget section */
		84E024432CE6F22300B2B2DE /* ImageTextHtmlTemplate */ = {
			isa = PBXNativeTarget;
			buildConfigurationList = 84E024532CE6F22400B2B2DE /* Build configuration list for PBXNativeTarget "ImageTextHtmlTemplate" */;
			buildPhases = (
				69EA28DBC45C7156371950F4 /* [CP] Check Pods Manifest.lock */,
				84E024402CE6F22300B2B2DE /* Sources */,
				84E024412CE6F22300B2B2DE /* Frameworks */,
				84E024422CE6F22300B2B2DE /* Resources */,
			);
			buildRules = (
			);
			dependencies = (
			);
			name = ImageTextHtmlTemplate;
			productName = ImageTextHtmlTemplate;
			productReference = 84E024442CE6F22300B2B2DE /* ImageTextHtmlTemplate.app */;
			productType = "com.apple.product-type.application";
		};
/* End PBXNativeTarget section */

/* Begin PBXProject section */
		84E0243C2CE6F22300B2B2DE /* Project object */ = {
			isa = PBXProject;
			attributes = {
				BuildIndependentTargetsInParallel = 1;
				LastSwiftUpdateCheck = 1520;
				LastUpgradeCheck = 1520;
				TargetAttributes = {
					84E024432CE6F22300B2B2DE = {
						CreatedOnToolsVersion = 15.2;
					};
				};
			};
			buildConfigurationList = 84E0243F2CE6F22300B2B2DE /* Build configuration list for PBXProject "ImageTextHtmlTemplate" */;
			compatibilityVersion = "Xcode 14.0";
			developmentRegion = en;
			hasScannedForEncodings = 0;
			knownRegions = (
				en,
				Base,
			);
			mainGroup = 84E0243B2CE6F22300B2B2DE;
			productRefGroup = 84E024452CE6F22300B2B2DE /* Products */;
			projectDirPath = "";
			projectRoot = "";
			targets = (
				84E024432CE6F22300B2B2DE /* ImageTextHtmlTemplate */,
			);
		};
/* End PBXProject section */

/* Begin PBXResourcesBuildPhase section */
		84E024422CE6F22300B2B2DE /* Resources */ = {
			isa = PBXResourcesBuildPhase;
			buildActionMask = 2147483647;
			files = (
				84E024502CE6F22400B2B2DE /* Preview Assets.xcassets in Resources */,
				84E0244C2CE6F22400B2B2DE /* Assets.xcassets in Resources */,
				84E0245B2CE6F2B600B2B2DE /* HtmlLabelViewController.xib in Resources */,
			);
			runOnlyForDeploymentPostprocessing = 0;
		};
/* End PBXResourcesBuildPhase section */

/* Begin PBXShellScriptBuildPhase section */
		69EA28DBC45C7156371950F4 /* [CP] Check Pods Manifest.lock */ = {
			isa = PBXShellScriptBuildPhase;
			buildActionMask = 2147483647;
			files = (
			);
			inputFileListPaths = (
			);
			inputPaths = (
				"${PODS_PODFILE_DIR_PATH}/Podfile.lock",
				"${PODS_ROOT}/Manifest.lock",
			);
			name = "[CP] Check Pods Manifest.lock";
			outputFileListPaths = (
			);
			outputPaths = (
				"$(DERIVED_FILE_DIR)/Pods-ProblemSolution-ImageTextHtmlTemplate-checkManifestLockResult.txt",
			);
			runOnlyForDeploymentPostprocessing = 0;
			shellPath = /bin/sh;
			shellScript = "diff \"${PODS_PODFILE_DIR_PATH}/Podfile.lock\" \"${PODS_ROOT}/Manifest.lock\" > /dev/null\nif [ $? != 0 ] ; then\n    # print error to STDERR\n    echo \"error: The sandbox is not in sync with the Podfile.lock. Run 'pod install' or update your CocoaPods installation.\" >&2\n    exit 1\nfi\n# This output is used by Xcode 'outputs' to avoid re-running this script phase.\necho \"SUCCESS\" > \"${SCRIPT_OUTPUT_FILE_0}\"\n";
			showEnvVarsInLog = 0;
		};
/* End PBXShellScriptBuildPhase section */

/* Begin PBXSourcesBuildPhase section */
		84E024402CE6F22300B2B2DE /* Sources */ = {
			isa = PBXSourcesBuildPhase;
			buildActionMask = 2147483647;
			files = (
				84E0244A2CE6F22300B2B2DE /* ContentView.swift in Sources */,
				84E024482CE6F22300B2B2DE /* ImageTextHtmlTemplateApp.swift in Sources */,
				84E0245A2CE6F2B600B2B2DE /* HtmlLabelViewController.swift in Sources */,
				84E0245D2CE6F35300B2B2DE /* HtmlLabel.swift in Sources */,
			);
			runOnlyForDeploymentPostprocessing = 0;
		};
/* End PBXSourcesBuildPhase section */

/* Begin XCBuildConfiguration section */
		84E024512CE6F22400B2B2DE /* Debug */ = {
			isa = XCBuildConfiguration;
			buildSettings = {
				ALWAYS_SEARCH_USER_PATHS = NO;
				ASSETCATALOG_COMPILER_GENERATE_SWIFT_ASSET_SYMBOL_EXTENSIONS = YES;
				CLANG_ANALYZER_NONNULL = YES;
				CLANG_ANALYZER_NUMBER_OBJECT_CONVERSION = YES_AGGRESSIVE;
				CLANG_CXX_LANGUAGE_STANDARD = "gnu++20";
				CLANG_ENABLE_MODULES = YES;
				CLANG_ENABLE_OBJC_ARC = YES;
				CLANG_ENABLE_OBJC_WEAK = YES;
				CLANG_WARN_BLOCK_CAPTURE_AUTORELEASING = YES;
				CLANG_WARN_BOOL_CONVERSION = YES;
				CLANG_WARN_COMMA = YES;
				CLANG_WARN_CONSTANT_CONVERSION = YES;
				CLANG_WARN_DEPRECATED_OBJC_IMPLEMENTATIONS = YES;
				CLANG_WARN_DIRECT_OBJC_ISA_USAGE = YES_ERROR;
				CLANG_WARN_DOCUMENTATION_COMMENTS = YES;
				CLANG_WARN_EMPTY_BODY = YES;
				CLANG_WARN_ENUM_CONVERSION = YES;
				CLANG_WARN_INFINITE_RECURSION = YES;
				CLANG_WARN_INT_CONVERSION = YES;
				CLANG_WARN_NON_LITERAL_NULL_CONVERSION = YES;
				CLANG_WARN_OBJC_IMPLICIT_RETAIN_SELF = YES;
				CLANG_WARN_OBJC_LITERAL_CONVERSION = YES;
				CLANG_WARN_OBJC_ROOT_CLASS = YES_ERROR;
				CLANG_WARN_QUOTED_INCLUDE_IN_FRAMEWORK_HEADER = YES;
				CLANG_WARN_RANGE_LOOP_ANALYSIS = YES;
				CLANG_WARN_STRICT_PROTOTYPES = YES;
				CLANG_WARN_SUSPICIOUS_MOVE = YES;
				CLANG_WARN_UNGUARDED_AVAILABILITY = YES_AGGRESSIVE;
				CLANG_WARN_UNREACHABLE_CODE = YES;
				CLANG_WARN__DUPLICATE_METHOD_MATCH = YES;
				COPY_PHASE_STRIP = NO;
				DEBUG_INFORMATION_FORMAT = dwarf;
				ENABLE_STRICT_OBJC_MSGSEND = YES;
				ENABLE_TESTABILITY = YES;
				ENABLE_USER_SCRIPT_SANDBOXING = YES;
				GCC_C_LANGUAGE_STANDARD = gnu17;
				GCC_DYNAMIC_NO_PIC = NO;
				GCC_NO_COMMON_BLOCKS = YES;
				GCC_OPTIMIZATION_LEVEL = 0;
				GCC_PREPROCESSOR_DEFINITIONS = (
					"DEBUG=1",
					"$(inherited)",
				);
				GCC_WARN_64_TO_32_BIT_CONVERSION = YES;
				GCC_WARN_ABOUT_RETURN_TYPE = YES_ERROR;
				GCC_WARN_UNDECLARED_SELECTOR = YES;
				GCC_WARN_UNINITIALIZED_AUTOS = YES_AGGRESSIVE;
				GCC_WARN_UNUSED_FUNCTION = YES;
				GCC_WARN_UNUSED_VARIABLE = YES;
				LOCALIZATION_PREFERS_STRING_CATALOGS = YES;
				MTL_ENABLE_DEBUG_INFO = INCLUDE_SOURCE;
				MTL_FAST_MATH = YES;
				ONLY_ACTIVE_ARCH = YES;
				SWIFT_ACTIVE_COMPILATION_CONDITIONS = "DEBUG $(inherited)";
				SWIFT_OPTIMIZATION_LEVEL = "-Onone";
			};
			name = Debug;
		};
		84E024522CE6F22400B2B2DE /* Release */ = {
			isa = XCBuildConfiguration;
			buildSettings = {
				ALWAYS_SEARCH_USER_PATHS = NO;
				ASSETCATALOG_COMPILER_GENERATE_SWIFT_ASSET_SYMBOL_EXTENSIONS = YES;
				CLANG_ANALYZER_NONNULL = YES;
				CLANG_ANALYZER_NUMBER_OBJECT_CONVERSION = YES_AGGRESSIVE;
				CLANG_CXX_LANGUAGE_STANDARD = "gnu++20";
				CLANG_ENABLE_MODULES = YES;
				CLANG_ENABLE_OBJC_ARC = YES;
				CLANG_ENABLE_OBJC_WEAK = YES;
				CLANG_WARN_BLOCK_CAPTURE_AUTORELEASING = YES;
				CLANG_WARN_BOOL_CONVERSION = YES;
				CLANG_WARN_COMMA = YES;
				CLANG_WARN_CONSTANT_CONVERSION = YES;
				CLANG_WARN_DEPRECATED_OBJC_IMPLEMENTATIONS = YES;
				CLANG_WARN_DIRECT_OBJC_ISA_USAGE = YES_ERROR;
				CLANG_WARN_DOCUMENTATION_COMMENTS = YES;
				CLANG_WARN_EMPTY_BODY = YES;
				CLANG_WARN_ENUM_CONVERSION = YES;
				CLANG_WARN_INFINITE_RECURSION = YES;
				CLANG_WARN_INT_CONVERSION = YES;
				CLANG_WARN_NON_LITERAL_NULL_CONVERSION = YES;
				CLANG_WARN_OBJC_IMPLICIT_RETAIN_SELF = YES;
				CLANG_WARN_OBJC_LITERAL_CONVERSION = YES;
				CLANG_WARN_OBJC_ROOT_CLASS = YES_ERROR;
				CLANG_WARN_QUOTED_INCLUDE_IN_FRAMEWORK_HEADER = YES;
				CLANG_WARN_RANGE_LOOP_ANALYSIS = YES;
				CLANG_WARN_STRICT_PROTOTYPES = YES;
				CLANG_WARN_SUSPICIOUS_MOVE = YES;
				CLANG_WARN_UNGUARDED_AVAILABILITY = YES_AGGRESSIVE;
				CLANG_WARN_UNREACHABLE_CODE = YES;
				CLANG_WARN__DUPLICATE_METHOD_MATCH = YES;
				COPY_PHASE_STRIP = NO;
				DEBUG_INFORMATION_FORMAT = "dwarf-with-dsym";
				ENABLE_NS_ASSERTIONS = NO;
				ENABLE_STRICT_OBJC_MSGSEND = YES;
				ENABLE_USER_SCRIPT_SANDBOXING = YES;
				GCC_C_LANGUAGE_STANDARD = gnu17;
				GCC_NO_COMMON_BLOCKS = YES;
				GCC_WARN_64_TO_32_BIT_CONVERSION = YES;
				GCC_WARN_ABOUT_RETURN_TYPE = YES_ERROR;
				GCC_WARN_UNDECLARED_SELECTOR = YES;
				GCC_WARN_UNINITIALIZED_AUTOS = YES_AGGRESSIVE;
				GCC_WARN_UNUSED_FUNCTION = YES;
				GCC_WARN_UNUSED_VARIABLE = YES;
				LOCALIZATION_PREFERS_STRING_CATALOGS = YES;
				MTL_ENABLE_DEBUG_INFO = NO;
				MTL_FAST_MATH = YES;
				SWIFT_COMPILATION_MODE = wholemodule;
			};
			name = Release;
		};
		84E024542CE6F22400B2B2DE /* Debug */ = {
			isa = XCBuildConfiguration;
			baseConfigurationReference = 2A9C73CFEB1FA5B158F391F3 /* Pods-ProblemSolution-ImageTextHtmlTemplate.debug.xcconfig */;
			buildSettings = {
				ASSETCATALOG_COMPILER_APPICON_NAME = AppIcon;
				ASSETCATALOG_COMPILER_GLOBAL_ACCENT_COLOR_NAME = AccentColor;
				CODE_SIGN_ENTITLEMENTS = ImageTextHtmlTemplate/ImageTextHtmlTemplate.entitlements;
				CODE_SIGN_STYLE = Automatic;
				CURRENT_PROJECT_VERSION = 1;
				DEVELOPMENT_ASSET_PATHS = "\"ImageTextHtmlTemplate/Preview Content\"";
				DEVELOPMENT_TEAM = C7UNH8293N;
				ENABLE_HARDENED_RUNTIME = YES;
				ENABLE_PREVIEWS = YES;
				GENERATE_INFOPLIST_FILE = YES;
				"INFOPLIST_KEY_UIApplicationSceneManifest_Generation[sdk=iphoneos*]" = YES;
				"INFOPLIST_KEY_UIApplicationSceneManifest_Generation[sdk=iphonesimulator*]" = YES;
				"INFOPLIST_KEY_UIApplicationSupportsIndirectInputEvents[sdk=iphoneos*]" = YES;
				"INFOPLIST_KEY_UIApplicationSupportsIndirectInputEvents[sdk=iphonesimulator*]" = YES;
				"INFOPLIST_KEY_UILaunchScreen_Generation[sdk=iphoneos*]" = YES;
				"INFOPLIST_KEY_UILaunchScreen_Generation[sdk=iphonesimulator*]" = YES;
				"INFOPLIST_KEY_UIStatusBarStyle[sdk=iphoneos*]" = UIStatusBarStyleDefault;
				"INFOPLIST_KEY_UIStatusBarStyle[sdk=iphonesimulator*]" = UIStatusBarStyleDefault;
				INFOPLIST_KEY_UISupportedInterfaceOrientations_iPad = "UIInterfaceOrientationPortrait UIInterfaceOrientationPortraitUpsideDown UIInterfaceOrientationLandscapeLeft UIInterfaceOrientationLandscapeRight";
				INFOPLIST_KEY_UISupportedInterfaceOrientations_iPhone = "UIInterfaceOrientationPortrait UIInterfaceOrientationLandscapeLeft UIInterfaceOrientationLandscapeRight";
				IPHONEOS_DEPLOYMENT_TARGET = 14.0;
				LD_RUNPATH_SEARCH_PATHS = "@executable_path/Frameworks";
				"LD_RUNPATH_SEARCH_PATHS[sdk=macosx*]" = "@executable_path/../Frameworks";
				MACOSX_DEPLOYMENT_TARGET = 13.7;
				MARKETING_VERSION = 1.0;
				PRODUCT_BUNDLE_IDENTIFIER = com.zhf;
				PRODUCT_NAME = "$(TARGET_NAME)";
				SDKROOT = auto;
				SUPPORTED_PLATFORMS = "iphoneos iphonesimulator macosx";
				SWIFT_EMIT_LOC_STRINGS = YES;
				SWIFT_VERSION = 5.0;
				TARGETED_DEVICE_FAMILY = "1,2";
			};
			name = Debug;
		};
		84E024552CE6F22400B2B2DE /* Release */ = {
			isa = XCBuildConfiguration;
			baseConfigurationReference = 863D02F6031302447CE3BB3B /* Pods-ProblemSolution-ImageTextHtmlTemplate.release.xcconfig */;
			buildSettings = {
				ASSETCATALOG_COMPILER_APPICON_NAME = AppIcon;
				ASSETCATALOG_COMPILER_GLOBAL_ACCENT_COLOR_NAME = AccentColor;
				CODE_SIGN_ENTITLEMENTS = ImageTextHtmlTemplate/ImageTextHtmlTemplate.entitlements;
				CODE_SIGN_STYLE = Automatic;
				CURRENT_PROJECT_VERSION = 1;
				DEVELOPMENT_ASSET_PATHS = "\"ImageTextHtmlTemplate/Preview Content\"";
				DEVELOPMENT_TEAM = C7UNH8293N;
				ENABLE_HARDENED_RUNTIME = YES;
				ENABLE_PREVIEWS = YES;
				GENERATE_INFOPLIST_FILE = YES;
				"INFOPLIST_KEY_UIApplicationSceneManifest_Generation[sdk=iphoneos*]" = YES;
				"INFOPLIST_KEY_UIApplicationSceneManifest_Generation[sdk=iphonesimulator*]" = YES;
				"INFOPLIST_KEY_UIApplicationSupportsIndirectInputEvents[sdk=iphoneos*]" = YES;
				"INFOPLIST_KEY_UIApplicationSupportsIndirectInputEvents[sdk=iphonesimulator*]" = YES;
				"INFOPLIST_KEY_UILaunchScreen_Generation[sdk=iphoneos*]" = YES;
				"INFOPLIST_KEY_UILaunchScreen_Generation[sdk=iphonesimulator*]" = YES;
				"INFOPLIST_KEY_UIStatusBarStyle[sdk=iphoneos*]" = UIStatusBarStyleDefault;
				"INFOPLIST_KEY_UIStatusBarStyle[sdk=iphonesimulator*]" = UIStatusBarStyleDefault;
				INFOPLIST_KEY_UISupportedInterfaceOrientations_iPad = "UIInterfaceOrientationPortrait UIInterfaceOrientationPortraitUpsideDown UIInterfaceOrientationLandscapeLeft UIInterfaceOrientationLandscapeRight";
				INFOPLIST_KEY_UISupportedInterfaceOrientations_iPhone = "UIInterfaceOrientationPortrait UIInterfaceOrientationLandscapeLeft UIInterfaceOrientationLandscapeRight";
				IPHONEOS_DEPLOYMENT_TARGET = 14.0;
				LD_RUNPATH_SEARCH_PATHS = "@executable_path/Frameworks";
				"LD_RUNPATH_SEARCH_PATHS[sdk=macosx*]" = "@executable_path/../Frameworks";
				MACOSX_DEPLOYMENT_TARGET = 13.7;
				MARKETING_VERSION = 1.0;
				PRODUCT_BUNDLE_IDENTIFIER = com.zhf;
				PRODUCT_NAME = "$(TARGET_NAME)";
				SDKROOT = auto;
				SUPPORTED_PLATFORMS = "iphoneos iphonesimulator macosx";
				SWIFT_EMIT_LOC_STRINGS = YES;
				SWIFT_VERSION = 5.0;
				TARGETED_DEVICE_FAMILY = "1,2";
			};
			name = Release;
		};
/* End XCBuildConfiguration section */

/* Begin XCConfigurationList section */
		84E0243F2CE6F22300B2B2DE /* Build configuration list for PBXProject "ImageTextHtmlTemplate" */ = {
			isa = XCConfigurationList;
			buildConfigurations = (
				84E024512CE6F22400B2B2DE /* Debug */,
				84E024522CE6F22400B2B2DE /* Release */,
			);
			defaultConfigurationIsVisible = 0;
			defaultConfigurationName = Release;
		};
		84E024532CE6F22400B2B2DE /* Build configuration list for PBXNativeTarget "ImageTextHtmlTemplate" */ = {
			isa = XCConfigurationList;
			buildConfigurations = (
				84E024542CE6F22400B2B2DE /* Debug */,
				84E024552CE6F22400B2B2DE /* Release */,
			);
			defaultConfigurationIsVisible = 0;
			defaultConfigurationName = Release;
		};
/* End XCConfigurationList section */
	};
	rootObject = 84E0243C2CE6F22300B2B2DE /* Project object */;
}
